
Microsoft Visual Studio Solution File, Format Version 12.00
# Visual Studio Version 16
VisualStudioVersion = 16.0.30804.86
MinimumVisualStudioVersion = 10.0.40219.1
Project("{FAE04EC0-301F-11D3-BF4B-00C04F79EFBC}") = "Mvc_cv", "Mvc_cv\Mvc_cv.csproj", "{9ECF659E-F4C5-41C3-A380-3905E6E6EF9D}"
EndProject
Global
	GlobalSection(SolutionConfigurationPlatforms) = preSolution
		Debug|Any CPU = Debug|Any CPU
		Release|Any CPU = Release|Any CPU
	EndGlobalSection
	GlobalSection(ProjectConfigurationPlatforms) = postSolution
		{9ECF659E-F4C5-41C3-A380-3905E6E6EF9D}.Debug|Any CPU.ActiveCfg = Debug|Any CPU
		{9ECF659E-F4C5-41C3-A380-3905E6E6EF9D}.Debug|Any CPU.Build.0 = Debug|Any CPU
		{9ECF659E-F4C5-41C3-A380-3905E6E6EF9D}.Release|Any CPU.ActiveCfg = Release|Any CPU
		{9ECF659E-F4C5-41C3-A380-3905E6E6EF9D}.Release|Any CPU.Build.0 = Release|Any CPU
	EndGlobalSection
	GlobalSection(SolutionProperties) = preSolution
		HideSolutionNode = FALSE
	EndGlobalSection
	GlobalSection(ExtensibilityGlobals) = postSolution
		SolutionGuid = {8625AF0B-24C3-486A-B099-78C082B2F1A8}
	EndGlobalSection
EndGlobal
